
Microsoft Visual Studio Solution File, Format Version 12.00
# Visual Studio 2012
Project("{FAE04EC0-301F-11D3-BF4B-00C04F79EFBC}") = "NLS_SyncServer", "NLS_SyncServer\NLS_SyncServer.csproj", "{8FD69B18-9B4F-445F-877E-720E9995D4CA}"
EndProject
Global
	GlobalSection(SolutionConfigurationPlatforms) = preSolution
		Debug|Any CPU = Debug|Any CPU
		Release|Any CPU = Release|Any CPU
	EndGlobalSection
	GlobalSection(ProjectConfigurationPlatforms) = postSolution
		{8FD69B18-9B4F-445F-877E-720E9995D4CA}.Debug|Any CPU.ActiveCfg = Debug|Any CPU
		{8FD69B18-9B4F-445F-877E-720E9995D4CA}.Debug|Any CPU.Build.0 = Debug|Any CPU
		{8FD69B18-9B4F-445F-877E-720E9995D4CA}.Release|Any CPU.ActiveCfg = Release|Any CPU
		{8FD69B18-9B4F-445F-877E-720E9995D4CA}.Release|Any CPU.Build.0 = Release|Any CPU
	EndGlobalSection
	GlobalSection(SolutionProperties) = preSolution
		HideSolutionNode = FALSE
	EndGlobalSection
EndGlobal
